
Microsoft Visual Studio Solution File, Format Version 12.00
# Visual Studio 15
VisualStudioVersion = 15.0.27004.2009
MinimumVisualStudioVersion = 10.0.40219.1
Project("{FAE04EC0-301F-11D3-BF4B-00C04F79EFBC}") = "Projeto01", "Projeto01\Projeto01.csproj", "{39658158-B5FA-4F90-AF92-C908280F8122}"
EndProject
Project("{FAE04EC0-301F-11D3-BF4B-00C04F79EFBC}") = "Projeto02", "Projeto02\Projeto02.csproj", "{7F0B26CF-6520-4905-B5C6-C460BACAF9A3}"
EndProject
Global
	GlobalSection(SolutionConfigurationPlatforms) = preSolution
		Debug|Any CPU = Debug|Any CPU
		Release|Any CPU = Release|Any CPU
	EndGlobalSection
	GlobalSection(ProjectConfigurationPlatforms) = postSolution
		{39658158-B5FA-4F90-AF92-C908280F8122}.Debug|Any CPU.ActiveCfg = Debug|Any CPU
		{39658158-B5FA-4F90-AF92-C908280F8122}.Debug|Any CPU.Build.0 = Debug|Any CPU
		{39658158-B5FA-4F90-AF92-C908280F8122}.Release|Any CPU.ActiveCfg = Release|Any CPU
		{39658158-B5FA-4F90-AF92-C908280F8122}.Release|Any CPU.Build.0 = Release|Any CPU
		{7F0B26CF-6520-4905-B5C6-C460BACAF9A3}.Debug|Any CPU.ActiveCfg = Debug|Any CPU
		{7F0B26CF-6520-4905-B5C6-C460BACAF9A3}.Debug|Any CPU.Build.0 = Debug|Any CPU
		{7F0B26CF-6520-4905-B5C6-C460BACAF9A3}.Release|Any CPU.ActiveCfg = Release|Any CPU
		{7F0B26CF-6520-4905-B5C6-C460BACAF9A3}.Release|Any CPU.Build.0 = Release|Any CPU
	EndGlobalSection
	GlobalSection(SolutionProperties) = preSolution
		HideSolutionNode = FALSE
	EndGlobalSection
	GlobalSection(ExtensibilityGlobals) = postSolution
		SolutionGuid = {548CA94F-D3F1-4BFB-BECD-01AD85673EFD}
	EndGlobalSection
EndGlobal
