
Microsoft Visual Studio Solution File, Format Version 12.00
# Visual Studio 15
VisualStudioVersion = 15.0.28010.2048
MinimumVisualStudioVersion = 10.0.40219.1
Project("{FAE04EC0-301F-11D3-BF4B-00C04F79EFBC}") = "Projeto01", "Projeto01\Projeto01.csproj", "{8A176E11-0B97-4917-91F9-E38ED6C8208F}"
EndProject
Project("{FAE04EC0-301F-11D3-BF4B-00C04F79EFBC}") = "Projeto02", "Projeto02\Projeto02.csproj", "{E44B9646-1388-482B-A885-B6A3A8BCFE06}"
EndProject
Project("{FAE04EC0-301F-11D3-BF4B-00C04F79EFBC}") = "Projeto03", "Projeto03\Projeto03.csproj", "{71C2A63D-491F-4EBA-A019-CF7C17A53A67}"
EndProject
Global
	GlobalSection(SolutionConfigurationPlatforms) = preSolution
		Debug|Any CPU = Debug|Any CPU
		Release|Any CPU = Release|Any CPU
	EndGlobalSection
	GlobalSection(ProjectConfigurationPlatforms) = postSolution
		{8A176E11-0B97-4917-91F9-E38ED6C8208F}.Debug|Any CPU.ActiveCfg = Debug|Any CPU
		{8A176E11-0B97-4917-91F9-E38ED6C8208F}.Debug|Any CPU.Build.0 = Debug|Any CPU
		{8A176E11-0B97-4917-91F9-E38ED6C8208F}.Release|Any CPU.ActiveCfg = Release|Any CPU
		{8A176E11-0B97-4917-91F9-E38ED6C8208F}.Release|Any CPU.Build.0 = Release|Any CPU
		{E44B9646-1388-482B-A885-B6A3A8BCFE06}.Debug|Any CPU.ActiveCfg = Debug|Any CPU
		{E44B9646-1388-482B-A885-B6A3A8BCFE06}.Debug|Any CPU.Build.0 = Debug|Any CPU
		{E44B9646-1388-482B-A885-B6A3A8BCFE06}.Release|Any CPU.ActiveCfg = Release|Any CPU
		{E44B9646-1388-482B-A885-B6A3A8BCFE06}.Release|Any CPU.Build.0 = Release|Any CPU
		{71C2A63D-491F-4EBA-A019-CF7C17A53A67}.Debug|Any CPU.ActiveCfg = Debug|Any CPU
		{71C2A63D-491F-4EBA-A019-CF7C17A53A67}.Debug|Any CPU.Build.0 = Debug|Any CPU
		{71C2A63D-491F-4EBA-A019-CF7C17A53A67}.Release|Any CPU.ActiveCfg = Release|Any CPU
		{71C2A63D-491F-4EBA-A019-CF7C17A53A67}.Release|Any CPU.Build.0 = Release|Any CPU
	EndGlobalSection
	GlobalSection(SolutionProperties) = preSolution
		HideSolutionNode = FALSE
	EndGlobalSection
	GlobalSection(ExtensibilityGlobals) = postSolution
		SolutionGuid = {55B87BFA-6065-40CA-A077-3DE4F8C785C0}
	EndGlobalSection
EndGlobal
