
Microsoft Visual Studio Solution File, Format Version 12.00
# Visual Studio 15
VisualStudioVersion = 15.0.28010.2048
MinimumVisualStudioVersion = 10.0.40219.1
Project("{FAE04EC0-301F-11D3-BF4B-00C04F79EFBC}") = "Projeto01", "Projeto01\Projeto01.csproj", "{BAE8B99D-EA1F-47FD-8009-370172FB42A8}"
EndProject
Project("{FAE04EC0-301F-11D3-BF4B-00C04F79EFBC}") = "Projeto02", "Projeto02\Projeto02.csproj", "{718B59A4-4CBC-4C0F-81A8-D97946B04119}"
EndProject
Global
	GlobalSection(SolutionConfigurationPlatforms) = preSolution
		Debug|Any CPU = Debug|Any CPU
		Release|Any CPU = Release|Any CPU
	EndGlobalSection
	GlobalSection(ProjectConfigurationPlatforms) = postSolution
		{BAE8B99D-EA1F-47FD-8009-370172FB42A8}.Debug|Any CPU.ActiveCfg = Debug|Any CPU
		{BAE8B99D-EA1F-47FD-8009-370172FB42A8}.Debug|Any CPU.Build.0 = Debug|Any CPU
		{BAE8B99D-EA1F-47FD-8009-370172FB42A8}.Release|Any CPU.ActiveCfg = Release|Any CPU
		{BAE8B99D-EA1F-47FD-8009-370172FB42A8}.Release|Any CPU.Build.0 = Release|Any CPU
		{718B59A4-4CBC-4C0F-81A8-D97946B04119}.Debug|Any CPU.ActiveCfg = Debug|Any CPU
		{718B59A4-4CBC-4C0F-81A8-D97946B04119}.Debug|Any CPU.Build.0 = Debug|Any CPU
		{718B59A4-4CBC-4C0F-81A8-D97946B04119}.Release|Any CPU.ActiveCfg = Release|Any CPU
		{718B59A4-4CBC-4C0F-81A8-D97946B04119}.Release|Any CPU.Build.0 = Release|Any CPU
	EndGlobalSection
	GlobalSection(SolutionProperties) = preSolution
		HideSolutionNode = FALSE
	EndGlobalSection
	GlobalSection(ExtensibilityGlobals) = postSolution
		SolutionGuid = {705B6C7E-93DE-466A-A769-FD3B7675061E}
	EndGlobalSection
EndGlobal
